
Microsoft Visual Studio Solution File, Format Version 12.00
# Visual Studio Version 17
VisualStudioVersion = 17.7.34031.279
MinimumVisualStudioVersion = 10.0.40219.1
Project("{2150E333-8FDC-42A3-9474-1A3956D46DE8}") = "Extra", "Extra", "{A48A0EFC-BCDE-44D9-80DB-F9A45FA6844F}"
	ProjectSection(SolutionItems) = preProject
		.gitattributes = .gitattributes
		.gitignore = .gitignore
		LICENSE = LICENSE
		README.md = README.md
	EndProjectSection
EndProject
Project("{9A19103F-16F7-4668-BE54-9A1E7A4F7556}") = "BetterWasteTank", "Source\BetterWasteTank\BetterWasteTank.csproj", "{026C6A65-F98C-4A8E-AF61-F7C419C48481}"
EndProject
Project("{9A19103F-16F7-4668-BE54-9A1E7A4F7556}") = "DetailedPlayerInfo", "Source\DetailedPlayerInfo\DetailedPlayerInfo.csproj", "{F9441EBE-713B-49BB-97DF-BB55D985E24C}"
EndProject
Project("{9A19103F-16F7-4668-BE54-9A1E7A4F7556}") = "ExternalSuitReader", "Source\ExternalSuitReader\ExternalSuitReader.csproj", "{DDFC47F3-82FC-424A-84C3-423903BE7D94}"
EndProject
Project("{9A19103F-16F7-4668-BE54-9A1E7A4F7556}") = "InstantPlants", "Source\InstantPlants\InstantPlants.csproj", "{7EFABA30-CD25-4D4D-A241-12FDB6FCD1EF}"
EndProject
Project("{9A19103F-16F7-4668-BE54-9A1E7A4F7556}") = "NoFractionalReageants", "Source\NoFractionalReageants\NoFractionalReageants.csproj", "{6FB0613C-06F1-416B-A33C-AA300FF76803}"
EndProject
Global
	GlobalSection(SolutionConfigurationPlatforms) = preSolution
		Debug|Any CPU = Debug|Any CPU
		Release|Any CPU = Release|Any CPU
	EndGlobalSection
	GlobalSection(ProjectConfigurationPlatforms) = postSolution
		{026C6A65-F98C-4A8E-AF61-F7C419C48481}.Debug|Any CPU.ActiveCfg = Debug|Any CPU
		{026C6A65-F98C-4A8E-AF61-F7C419C48481}.Debug|Any CPU.Build.0 = Debug|Any CPU
		{026C6A65-F98C-4A8E-AF61-F7C419C48481}.Release|Any CPU.ActiveCfg = Release|Any CPU
		{026C6A65-F98C-4A8E-AF61-F7C419C48481}.Release|Any CPU.Build.0 = Release|Any CPU
		{F9441EBE-713B-49BB-97DF-BB55D985E24C}.Debug|Any CPU.ActiveCfg = Debug|Any CPU
		{F9441EBE-713B-49BB-97DF-BB55D985E24C}.Debug|Any CPU.Build.0 = Debug|Any CPU
		{F9441EBE-713B-49BB-97DF-BB55D985E24C}.Release|Any CPU.ActiveCfg = Release|Any CPU
		{F9441EBE-713B-49BB-97DF-BB55D985E24C}.Release|Any CPU.Build.0 = Release|Any CPU
		{DDFC47F3-82FC-424A-84C3-423903BE7D94}.Debug|Any CPU.ActiveCfg = Debug|Any CPU
		{DDFC47F3-82FC-424A-84C3-423903BE7D94}.Debug|Any CPU.Build.0 = Debug|Any CPU
		{DDFC47F3-82FC-424A-84C3-423903BE7D94}.Release|Any CPU.ActiveCfg = Release|Any CPU
		{DDFC47F3-82FC-424A-84C3-423903BE7D94}.Release|Any CPU.Build.0 = Release|Any CPU
		{7EFABA30-CD25-4D4D-A241-12FDB6FCD1EF}.Debug|Any CPU.ActiveCfg = Debug|Any CPU
		{7EFABA30-CD25-4D4D-A241-12FDB6FCD1EF}.Debug|Any CPU.Build.0 = Debug|Any CPU
		{7EFABA30-CD25-4D4D-A241-12FDB6FCD1EF}.Release|Any CPU.ActiveCfg = Release|Any CPU
		{7EFABA30-CD25-4D4D-A241-12FDB6FCD1EF}.Release|Any CPU.Build.0 = Release|Any CPU
		{6FB0613C-06F1-416B-A33C-AA300FF76803}.Debug|Any CPU.ActiveCfg = Debug|Any CPU
		{6FB0613C-06F1-416B-A33C-AA300FF76803}.Debug|Any CPU.Build.0 = Debug|Any CPU
		{6FB0613C-06F1-416B-A33C-AA300FF76803}.Release|Any CPU.ActiveCfg = Release|Any CPU
		{6FB0613C-06F1-416B-A33C-AA300FF76803}.Release|Any CPU.Build.0 = Release|Any CPU
	EndGlobalSection
	GlobalSection(SolutionProperties) = preSolution
		HideSolutionNode = FALSE
	EndGlobalSection
	GlobalSection(ExtensibilityGlobals) = postSolution
		SolutionGuid = {5C942597-F251-445E-AF21-5FE7B21B9306}
	EndGlobalSection
EndGlobal
